
Microsoft Visual Studio Solution File, Format Version 12.00
# Visual Studio 14
VisualStudioVersion = 14.0.25420.1
MinimumVisualStudioVersion = 10.0.40219.1
Project("{FAE04EC0-301F-11D3-BF4B-00C04F79EFBC}") = "Ocean.Inside.Project", "Ocean.Inside.Project\Ocean.Inside.Project.csproj", "{1A20111D-A381-42EA-AD2D-87EDDA3B5341}"
EndProject
Project("{FAE04EC0-301F-11D3-BF4B-00C04F79EFBC}") = "Ocean.Inside.Domain", "Ocean.Inside.Domain\Ocean.Inside.Domain.csproj", "{3DA9E597-566B-4F8A-BFF3-1F585C89B839}"
EndProject
Project("{FAE04EC0-301F-11D3-BF4B-00C04F79EFBC}") = "Ocean.Inside.DAL", "Ocean.Inside.Dal\Ocean.Inside.DAL.csproj", "{90930C2E-678A-4ECC-92B6-D9655F14D260}"
EndProject
Project("{FAE04EC0-301F-11D3-BF4B-00C04F79EFBC}") = "Ocean.Inside.BLL", "Ocean.Inside.Service\Ocean.Inside.BLL.csproj", "{3FD04866-D0E2-456D-91FE-172332499E2E}"
EndProject
Global
	GlobalSection(SolutionConfigurationPlatforms) = preSolution
		Debug|Any CPU = Debug|Any CPU
		Release|Any CPU = Release|Any CPU
	EndGlobalSection
	GlobalSection(ProjectConfigurationPlatforms) = postSolution
		{1A20111D-A381-42EA-AD2D-87EDDA3B5341}.Debug|Any CPU.ActiveCfg = Debug|Any CPU
		{1A20111D-A381-42EA-AD2D-87EDDA3B5341}.Debug|Any CPU.Build.0 = Debug|Any CPU
		{1A20111D-A381-42EA-AD2D-87EDDA3B5341}.Release|Any CPU.ActiveCfg = Release|Any CPU
		{1A20111D-A381-42EA-AD2D-87EDDA3B5341}.Release|Any CPU.Build.0 = Release|Any CPU
		{3DA9E597-566B-4F8A-BFF3-1F585C89B839}.Debug|Any CPU.ActiveCfg = Debug|Any CPU
		{3DA9E597-566B-4F8A-BFF3-1F585C89B839}.Debug|Any CPU.Build.0 = Debug|Any CPU
		{3DA9E597-566B-4F8A-BFF3-1F585C89B839}.Release|Any CPU.ActiveCfg = Release|Any CPU
		{3DA9E597-566B-4F8A-BFF3-1F585C89B839}.Release|Any CPU.Build.0 = Release|Any CPU
		{90930C2E-678A-4ECC-92B6-D9655F14D260}.Debug|Any CPU.ActiveCfg = Debug|Any CPU
		{90930C2E-678A-4ECC-92B6-D9655F14D260}.Debug|Any CPU.Build.0 = Debug|Any CPU
		{90930C2E-678A-4ECC-92B6-D9655F14D260}.Release|Any CPU.ActiveCfg = Release|Any CPU
		{90930C2E-678A-4ECC-92B6-D9655F14D260}.Release|Any CPU.Build.0 = Release|Any CPU
		{3FD04866-D0E2-456D-91FE-172332499E2E}.Debug|Any CPU.ActiveCfg = Debug|Any CPU
		{3FD04866-D0E2-456D-91FE-172332499E2E}.Debug|Any CPU.Build.0 = Debug|Any CPU
		{3FD04866-D0E2-456D-91FE-172332499E2E}.Release|Any CPU.ActiveCfg = Release|Any CPU
		{3FD04866-D0E2-456D-91FE-172332499E2E}.Release|Any CPU.Build.0 = Release|Any CPU
	EndGlobalSection
	GlobalSection(SolutionProperties) = preSolution
		HideSolutionNode = FALSE
	EndGlobalSection
EndGlobal
